{
  "version": 4,
  "terraform_version": "0.12.9",
  "serial": 56,
  "lineage": "803d9f8d-434a-dba1-1d16-399b32afef9a",
  "outputs": {
    "url": {
      "value": "https://u4ftkm25ge.execute-api.us-west-2.amazonaws.com/app",
      "type": "string"
    }
  },
  "resources": [
    {
      "module": "module.example_app",
      "mode": "data",
      "type": "aws_iam_policy_document",
      "name": "lambda_role",
      "provider": "provider.aws",
      "instances": [
        {
          "schema_version": 0,
          "attributes": {
            "id": "3693445097",
            "json": "{\n  \"Version\": \"2012-10-17\",\n  \"Statement\": [\n    {\n      \"Sid\": \"\",\n      \"Effect\": \"Allow\",\n      \"Action\": \"sts:AssumeRole\",\n      \"Principal\": {\n        \"Service\": \"lambda.amazonaws.com\"\n      }\n    }\n  ]\n}",
            "override_json": null,
            "policy_id": null,
            "source_json": null,
            "statement": [
              {
                "actions": [
                  "sts:AssumeRole"
                ],
                "condition": [],
                "effect": "Allow",
                "not_actions": [],
                "not_principals": [],
                "not_resources": [],
                "principals": [
                  {
                    "identifiers": [
                      "lambda.amazonaws.com"
                    ],
                    "type": "Service"
                  }
                ],
                "resources": [],
                "sid": ""
              }
            ],
            "version": "2012-10-17"
          }
        }
      ]
    },
    {
      "module": "module.example_app",
      "mode": "managed",
      "type": "aws_api_gateway_deployment",
      "name": "deployment",
      "provider": "provider.aws",
      "instances": [
        {
          "schema_version": 0,
          "attributes": {
            "created_date": "2019-12-15T23:20:06Z",
            "description": "",
            "execution_arn": "arn:aws:execute-api:us-west-2:231829596580:u4ftkm25ge/app",
            "id": "z1n83v",
            "invoke_url": "https://u4ftkm25ge.execute-api.us-west-2.amazonaws.com/app",
            "rest_api_id": "u4ftkm25ge",
            "stage_description": "2019-12-15T23:20:06Z",
            "stage_name": "app",
            "variables": null
          },
          "private": "bnVsbA==",
          "depends_on": [
            "aws_api_gateway_integration.proxy",
            "aws_api_gateway_integration.root",
            "aws_api_gateway_rest_api.proxy"
          ]
        }
      ]
    },
    {
      "module": "module.example_app",
      "mode": "managed",
      "type": "aws_api_gateway_integration",
      "name": "proxy",
      "provider": "provider.aws",
      "instances": [
        {
          "schema_version": 0,
          "attributes": {
            "cache_key_parameters": [],
            "cache_namespace": "v3isi2",
            "connection_id": "",
            "connection_type": "INTERNET",
            "content_handling": "",
            "credentials": "",
            "http_method": "ANY",
            "id": "agi-u4ftkm25ge-v3isi2-ANY",
            "integration_http_method": "POST",
            "passthrough_behavior": "WHEN_NO_MATCH",
            "request_parameters": {},
            "request_parameters_in_json": null,
            "request_templates": {},
            "resource_id": "v3isi2",
            "rest_api_id": "u4ftkm25ge",
            "timeout_milliseconds": 29000,
            "type": "AWS_PROXY",
            "uri": "arn:aws:apigateway:us-west-2:lambda:path/2015-03-31/functions/arn:aws:lambda:us-west-2:231829596580:function:terraform-example-app/invocations"
          },
          "private": "bnVsbA==",
          "depends_on": [
            "aws_api_gateway_method.proxy",
            "aws_api_gateway_resource.proxy",
            "aws_api_gateway_rest_api.proxy",
            "aws_lambda_function.web_app"
          ]
        }
      ]
    },
    {
      "module": "module.example_app",
      "mode": "managed",
      "type": "aws_api_gateway_integration",
      "name": "root",
      "provider": "provider.aws",
      "instances": [
        {
          "schema_version": 0,
          "attributes": {
            "cache_key_parameters": [],
            "cache_namespace": "ttqnu1g341",
            "connection_id": "",
            "connection_type": "INTERNET",
            "content_handling": "",
            "credentials": "",
            "http_method": "ANY",
            "id": "agi-u4ftkm25ge-ttqnu1g341-ANY",
            "integration_http_method": "POST",
            "passthrough_behavior": "WHEN_NO_MATCH",
            "request_parameters": {},
            "request_parameters_in_json": null,
            "request_templates": {},
            "resource_id": "ttqnu1g341",
            "rest_api_id": "u4ftkm25ge",
            "timeout_milliseconds": 29000,
            "type": "AWS_PROXY",
            "uri": "arn:aws:apigateway:us-west-2:lambda:path/2015-03-31/functions/arn:aws:lambda:us-west-2:231829596580:function:terraform-example-app/invocations"
          },
          "private": "bnVsbA==",
          "depends_on": [
            "aws_api_gateway_method.root",
            "aws_api_gateway_rest_api.proxy",
            "aws_lambda_function.web_app"
          ]
        }
      ]
    },
    {
      "module": "module.example_app",
      "mode": "managed",
      "type": "aws_api_gateway_method",
      "name": "proxy",
      "provider": "provider.aws",
      "instances": [
        {
          "schema_version": 0,
          "attributes": {
            "api_key_required": false,
            "authorization": "NONE",
            "authorization_scopes": [],
            "authorizer_id": "",
            "http_method": "ANY",
            "id": "agm-u4ftkm25ge-v3isi2-ANY",
            "request_models": {},
            "request_parameters": {},
            "request_parameters_in_json": null,
            "request_validator_id": "",
            "resource_id": "v3isi2",
            "rest_api_id": "u4ftkm25ge"
          },
          "private": "bnVsbA==",
          "depends_on": [
            "aws_api_gateway_resource.proxy",
            "aws_api_gateway_rest_api.proxy"
          ]
        }
      ]
    },
    {
      "module": "module.example_app",
      "mode": "managed",
      "type": "aws_api_gateway_method",
      "name": "root",
      "provider": "provider.aws",
      "instances": [
        {
          "schema_version": 0,
          "attributes": {
            "api_key_required": false,
            "authorization": "NONE",
            "authorization_scopes": [],
            "authorizer_id": "",
            "http_method": "ANY",
            "id": "agm-u4ftkm25ge-ttqnu1g341-ANY",
            "request_models": {},
            "request_parameters": {},
            "request_parameters_in_json": null,
            "request_validator_id": "",
            "resource_id": "ttqnu1g341",
            "rest_api_id": "u4ftkm25ge"
          },
          "private": "bnVsbA==",
          "depends_on": [
            "aws_api_gateway_rest_api.proxy"
          ]
        }
      ]
    },
    {
      "module": "module.example_app",
      "mode": "managed",
      "type": "aws_api_gateway_resource",
      "name": "proxy",
      "provider": "provider.aws",
      "instances": [
        {
          "schema_version": 0,
          "attributes": {
            "id": "v3isi2",
            "parent_id": "ttqnu1g341",
            "path": "/{proxy+}",
            "path_part": "{proxy+}",
            "rest_api_id": "u4ftkm25ge"
          },
          "private": "bnVsbA==",
          "depends_on": [
            "aws_api_gateway_rest_api.proxy"
          ]
        }
      ]
    },
    {
      "module": "module.example_app",
      "mode": "managed",
      "type": "aws_api_gateway_rest_api",
      "name": "proxy",
      "provider": "provider.aws",
      "instances": [
        {
          "schema_version": 0,
          "attributes": {
            "api_key_source": "HEADER",
            "arn": "arn:aws:apigateway:us-west-2::/restapis/u4ftkm25ge",
            "binary_media_types": [],
            "body": null,
            "created_date": "2019-12-15T20:26:48Z",
            "description": "",
            "endpoint_configuration": [
              {
                "types": [
                  "EDGE"
                ]
              }
            ],
            "execution_arn": "arn:aws:execute-api:us-west-2:231829596580:u4ftkm25ge",
            "id": "u4ftkm25ge",
            "minimum_compression_size": -1,
            "name": "terraform-example-app",
            "policy": "",
            "root_resource_id": "ttqnu1g341",
            "tags": {}
          },
          "private": "bnVsbA=="
        }
      ]
    },
    {
      "module": "module.example_app",
      "mode": "managed",
      "type": "aws_iam_role",
      "name": "lambda",
      "provider": "provider.aws",
      "instances": [
        {
          "schema_version": 0,
          "attributes": {
            "arn": "arn:aws:iam::231829596580:role/terraform-example-app",
            "assume_role_policy": "{\"Version\":\"2012-10-17\",\"Statement\":[{\"Sid\":\"\",\"Effect\":\"Allow\",\"Principal\":{\"Service\":\"lambda.amazonaws.com\"},\"Action\":\"sts:AssumeRole\"}]}",
            "create_date": "2019-12-15T20:26:48Z",
            "description": "",
            "force_detach_policies": false,
            "id": "terraform-example-app",
            "max_session_duration": 3600,
            "name": "terraform-example-app",
            "name_prefix": null,
            "path": "/",
            "permissions_boundary": null,
            "tags": {},
            "unique_id": "AROATL6Q65GSJSXJ7Z3ZG"
          },
          "private": "bnVsbA==",
          "depends_on": [
            "data.aws_iam_policy_document.lambda_role"
          ]
        }
      ]
    },
    {
      "module": "module.example_app",
      "mode": "managed",
      "type": "aws_lambda_function",
      "name": "web_app",
      "provider": "provider.aws",
      "instances": [
        {
          "schema_version": 0,
          "attributes": {
            "arn": "arn:aws:lambda:us-west-2:231829596580:function:terraform-example-app",
            "dead_letter_config": [],
            "description": "",
            "environment": [
              {
                "variables": {
                  "SampleEnvVar": "Environment variable set during deployment"
                }
              }
            ],
            "filename": "./../build/artifacts/app.zip",
            "function_name": "terraform-example-app",
            "handler": "app",
            "id": "terraform-example-app",
            "invoke_arn": "arn:aws:apigateway:us-west-2:lambda:path/2015-03-31/functions/arn:aws:lambda:us-west-2:231829596580:function:terraform-example-app/invocations",
            "kms_key_arn": "",
            "last_modified": "2019-12-15T23:20:10.883+0000",
            "layers": [],
            "memory_size": 128,
            "publish": false,
            "qualified_arn": "arn:aws:lambda:us-west-2:231829596580:function:terraform-example-app:$LATEST",
            "reserved_concurrent_executions": -1,
            "role": "arn:aws:iam::231829596580:role/terraform-example-app",
            "runtime": "go1.x",
            "s3_bucket": null,
            "s3_key": null,
            "s3_object_version": null,
            "source_code_hash": "eGFkl9p7gHDGh1A8clEmWABVifF+wMeIWacDTI8Hfio=",
            "source_code_size": 5064443,
            "tags": {},
            "timeout": 5,
            "timeouts": null,
            "tracing_config": [
              {
                "mode": "PassThrough"
              }
            ],
            "version": "$LATEST",
            "vpc_config": []
          },
          "private": "eyJlMmJmYjczMC1lY2FhLTExZTYtOGY4OC0zNDM2M2JjN2M0YzAiOnsiY3JlYXRlIjo2MDAwMDAwMDAwMDB9fQ==",
          "depends_on": [
            "aws_iam_role.lambda"
          ]
        }
      ]
    },
    {
      "module": "module.example_app",
      "mode": "managed",
      "type": "aws_lambda_permission",
      "name": "allow_api_gateway",
      "provider": "provider.aws",
      "instances": [
        {
          "schema_version": 0,
          "attributes": {
            "action": "lambda:InvokeFunction",
            "event_source_token": null,
            "function_name": "arn:aws:lambda:us-west-2:231829596580:function:terraform-example-app",
            "id": "AllowExecutionFromApiGateway",
            "principal": "apigateway.amazonaws.com",
            "qualifier": "",
            "source_account": null,
            "source_arn": "arn:aws:execute-api:us-west-2:231829596580:u4ftkm25ge/*/*",
            "statement_id": "AllowExecutionFromApiGateway",
            "statement_id_prefix": null
          },
          "private": "bnVsbA==",
          "depends_on": [
            "aws_api_gateway_resource.proxy",
            "aws_api_gateway_rest_api.proxy",
            "aws_lambda_function.web_app"
          ]
        }
      ]
    }
  ]
}
